{
  "name": "commodity-research-dashboard",
  "version": "0.1.0",
  "lockfileVersion": 3,
  "requires": true,
  "packages": {
    "": {
      "name": "commodity-research-dashboard",
      "version": "0.1.0",
      "dependencies": {
        "dockview": "8.4.1",
        "uplot": "1.6.32"
      }
    },
    "node_modules/dockview": {
      "version": "8.4.1",
      "resolved": "https://registry.npmjs.org/dockview/-/dockview-8.4.1.tgz",
      "integrity": "sha512-6CrXwfDkhTL0N8stgnur8E/WYFZqltAtHaAV96Ia9lA1JGWwWMw5MWZznWckIMocS2Il5rgaqP/i/l2ltYaTqw==",
      "license": "MIT",
      "dependencies": {
        "dockview-core": "^8.4.1"
      }
    },
    "node_modules/dockview-core": {
      "version": "8.4.1",
      "resolved": "https://registry.npmjs.org/dockview-core/-/dockview-core-8.4.1.tgz",
      "integrity": "sha512-LcvhGwmK/Q1tFDEPkiBpkLIYctimmu8JJHgG5yhIXwyf9IvWQkJa3EG7/a1NKUS2Q8w82uoYZTL+c84/zpQUjg==",
      "license": "MIT"
    },
    "node_modules/uplot": {
      "version": "1.6.32",
      "resolved": "https://registry.npmjs.org/uplot/-/uplot-1.6.32.tgz",
      "integrity": "sha512-KIMVnG68zvu5XXUbC4LQEPnhwOxBuLyW1AHtpm6IKTXImkbLgkMy+jabjLgSLMasNuGGzQm/ep3tOkyTxpiQIw==",
      "license": "MIT"
    }
  }
}
